
Microsoft Visual Studio Solution File, Format Version 12.00
# Visual Studio 15
VisualStudioVersion = 15.0.26730.8
MinimumVisualStudioVersion = 10.0.40219.1
Project("{FAE04EC0-301F-11D3-BF4B-00C04F79EFBC}") = "Plugin.CrossSpeechToText.Android", "Plugin.CrossSpeechToText\Plugin.CrossSpeechToText.Android\Plugin.CrossSpeechToText.Android.csproj", "{36EFF708-BD5F-477D-A26D-6EBCB26603DE}"
EndProject
Project("{FAE04EC0-301F-11D3-BF4B-00C04F79EFBC}") = "Plugin.CrossSpeechToText", "Plugin.CrossSpeechToText\Plugin.CrossSpeechToText\Plugin.CrossSpeechToText.csproj", "{2E5A2395-0277-4593-8ECF-60723D786E44}"
EndProject
Project("{FAE04EC0-301F-11D3-BF4B-00C04F79EFBC}") = "Plugin.CrossSpeechToText.iOS", "Plugin.CrossSpeechToText\Plugin.CrossSpeechToText.iOS\Plugin.CrossSpeechToText.iOS.csproj", "{9D437E0C-590E-4CF3-893F-9A28EB8D4036}"
EndProject
Project("{2150E333-8FDC-42A3-9474-1A3956D46DE8}") = "Lib", "Lib", "{EABA5B77-1B57-4AA1-91B9-C5CBDC6B0AA3}"
EndProject
Project("{2150E333-8FDC-42A3-9474-1A3956D46DE8}") = "Sample", "Sample", "{09F90FA0-3A28-4F98-B436-6F4130FDE202}"
EndProject
Project("{FAE04EC0-301F-11D3-BF4B-00C04F79EFBC}") = "CrossSpeechToTextSample.Android", "CrossSpeechToTextSample\CrossSpeechToTextSample.Android\CrossSpeechToTextSample.Android.csproj", "{0B6248D3-D1A6-42B4-9FC3-ACD12E203E5D}"
EndProject
Project("{FAE04EC0-301F-11D3-BF4B-00C04F79EFBC}") = "CrossSpeechToTextSample", "CrossSpeechToTextSample\CrossSpeechToTextSample\CrossSpeechToTextSample.csproj", "{3B944C22-B74B-4E1B-BB99-982B60796BD4}"
EndProject
Project("{FAE04EC0-301F-11D3-BF4B-00C04F79EFBC}") = "CrossSpeechToTextSample.iOS", "CrossSpeechToTextSample\CrossSpeechToTextSample.iOS\CrossSpeechToTextSample.iOS.csproj", "{BAA07943-3136-4117-BD72-1911BBA3EE9D}"
EndProject
Global
	GlobalSection(SolutionConfigurationPlatforms) = preSolution
		Ad-Hoc|Any CPU = Ad-Hoc|Any CPU
		Ad-Hoc|iPhone = Ad-Hoc|iPhone
		Ad-Hoc|iPhoneSimulator = Ad-Hoc|iPhoneSimulator
		AppStore|Any CPU = AppStore|Any CPU
		AppStore|iPhone = AppStore|iPhone
		AppStore|iPhoneSimulator = AppStore|iPhoneSimulator
		Debug|Any CPU = Debug|Any CPU
		Debug|iPhone = Debug|iPhone
		Debug|iPhoneSimulator = Debug|iPhoneSimulator
		Release|Any CPU = Release|Any CPU
		Release|iPhone = Release|iPhone
		Release|iPhoneSimulator = Release|iPhoneSimulator
	EndGlobalSection
	GlobalSection(ProjectConfigurationPlatforms) = postSolution
		{36EFF708-BD5F-477D-A26D-6EBCB26603DE}.Ad-Hoc|Any CPU.ActiveCfg = Release|Any CPU
		{36EFF708-BD5F-477D-A26D-6EBCB26603DE}.Ad-Hoc|Any CPU.Build.0 = Release|Any CPU
		{36EFF708-BD5F-477D-A26D-6EBCB26603DE}.Ad-Hoc|Any CPU.Deploy.0 = Release|Any CPU
		{36EFF708-BD5F-477D-A26D-6EBCB26603DE}.Ad-Hoc|iPhone.ActiveCfg = Release|Any CPU
		{36EFF708-BD5F-477D-A26D-6EBCB26603DE}.Ad-Hoc|iPhone.Build.0 = Release|Any CPU
		{36EFF708-BD5F-477D-A26D-6EBCB26603DE}.Ad-Hoc|iPhone.Deploy.0 = Release|Any CPU
		{36EFF708-BD5F-477D-A26D-6EBCB26603DE}.Ad-Hoc|iPhoneSimulator.ActiveCfg = Release|Any CPU
		{36EFF708-BD5F-477D-A26D-6EBCB26603DE}.Ad-Hoc|iPhoneSimulator.Build.0 = Release|Any CPU
		{36EFF708-BD5F-477D-A26D-6EBCB26603DE}.Ad-Hoc|iPhoneSimulator.Deploy.0 = Release|Any CPU
		{36EFF708-BD5F-477D-A26D-6EBCB26603DE}.AppStore|Any CPU.ActiveCfg = Release|Any CPU
		{36EFF708-BD5F-477D-A26D-6EBCB26603DE}.AppStore|Any CPU.Build.0 = Release|Any CPU
		{36EFF708-BD5F-477D-A26D-6EBCB26603DE}.AppStore|Any CPU.Deploy.0 = Release|Any CPU
		{36EFF708-BD5F-477D-A26D-6EBCB26603DE}.AppStore|iPhone.ActiveCfg = Release|Any CPU
		{36EFF708-BD5F-477D-A26D-6EBCB26603DE}.AppStore|iPhone.Build.0 = Release|Any CPU
		{36EFF708-BD5F-477D-A26D-6EBCB26603DE}.AppStore|iPhone.Deploy.0 = Release|Any CPU
		{36EFF708-BD5F-477D-A26D-6EBCB26603DE}.AppStore|iPhoneSimulator.ActiveCfg = Release|Any CPU
		{36EFF708-BD5F-477D-A26D-6EBCB26603DE}.AppStore|iPhoneSimulator.Build.0 = Release|Any CPU
		{36EFF708-BD5F-477D-A26D-6EBCB26603DE}.AppStore|iPhoneSimulator.Deploy.0 = Release|Any CPU
		{36EFF708-BD5F-477D-A26D-6EBCB26603DE}.Debug|Any CPU.ActiveCfg = Debug|Any CPU
		{36EFF708-BD5F-477D-A26D-6EBCB26603DE}.Debug|Any CPU.Build.0 = Debug|Any CPU
		{36EFF708-BD5F-477D-A26D-6EBCB26603DE}.Debug|Any CPU.Deploy.0 = Debug|Any CPU
		{36EFF708-BD5F-477D-A26D-6EBCB26603DE}.Debug|iPhone.ActiveCfg = Debug|Any CPU
		{36EFF708-BD5F-477D-A26D-6EBCB26603DE}.Debug|iPhone.Build.0 = Debug|Any CPU
		{36EFF708-BD5F-477D-A26D-6EBCB26603DE}.Debug|iPhone.Deploy.0 = Debug|Any CPU
		{36EFF708-BD5F-477D-A26D-6EBCB26603DE}.Debug|iPhoneSimulator.ActiveCfg = Debug|Any CPU
		{36EFF708-BD5F-477D-A26D-6EBCB26603DE}.Debug|iPhoneSimulator.Build.0 = Debug|Any CPU
		{36EFF708-BD5F-477D-A26D-6EBCB26603DE}.Debug|iPhoneSimulator.Deploy.0 = Debug|Any CPU
		{36EFF708-BD5F-477D-A26D-6EBCB26603DE}.Release|Any CPU.ActiveCfg = Release|Any CPU
		{36EFF708-BD5F-477D-A26D-6EBCB26603DE}.Release|Any CPU.Build.0 = Release|Any CPU
		{36EFF708-BD5F-477D-A26D-6EBCB26603DE}.Release|Any CPU.Deploy.0 = Release|Any CPU
		{36EFF708-BD5F-477D-A26D-6EBCB26603DE}.Release|iPhone.ActiveCfg = Release|Any CPU
		{36EFF708-BD5F-477D-A26D-6EBCB26603DE}.Release|iPhone.Build.0 = Release|Any CPU
		{36EFF708-BD5F-477D-A26D-6EBCB26603DE}.Release|iPhone.Deploy.0 = Release|Any CPU
		{36EFF708-BD5F-477D-A26D-6EBCB26603DE}.Release|iPhoneSimulator.ActiveCfg = Release|Any CPU
		{36EFF708-BD5F-477D-A26D-6EBCB26603DE}.Release|iPhoneSimulator.Build.0 = Release|Any CPU
		{36EFF708-BD5F-477D-A26D-6EBCB26603DE}.Release|iPhoneSimulator.Deploy.0 = Release|Any CPU
		{2E5A2395-0277-4593-8ECF-60723D786E44}.Ad-Hoc|Any CPU.ActiveCfg = Release|Any CPU
		{2E5A2395-0277-4593-8ECF-60723D786E44}.Ad-Hoc|Any CPU.Build.0 = Release|Any CPU
		{2E5A2395-0277-4593-8ECF-60723D786E44}.Ad-Hoc|iPhone.ActiveCfg = Release|Any CPU
		{2E5A2395-0277-4593-8ECF-60723D786E44}.Ad-Hoc|iPhone.Build.0 = Release|Any CPU
		{2E5A2395-0277-4593-8ECF-60723D786E44}.Ad-Hoc|iPhoneSimulator.ActiveCfg = Release|Any CPU
		{2E5A2395-0277-4593-8ECF-60723D786E44}.Ad-Hoc|iPhoneSimulator.Build.0 = Release|Any CPU
		{2E5A2395-0277-4593-8ECF-60723D786E44}.AppStore|Any CPU.ActiveCfg = Release|Any CPU
		{2E5A2395-0277-4593-8ECF-60723D786E44}.AppStore|Any CPU.Build.0 = Release|Any CPU
		{2E5A2395-0277-4593-8ECF-60723D786E44}.AppStore|iPhone.ActiveCfg = Release|Any CPU
		{2E5A2395-0277-4593-8ECF-60723D786E44}.AppStore|iPhone.Build.0 = Release|Any CPU
		{2E5A2395-0277-4593-8ECF-60723D786E44}.AppStore|iPhoneSimulator.ActiveCfg = Release|Any CPU
		{2E5A2395-0277-4593-8ECF-60723D786E44}.AppStore|iPhoneSimulator.Build.0 = Release|Any CPU
		{2E5A2395-0277-4593-8ECF-60723D786E44}.Debug|Any CPU.ActiveCfg = Debug|Any CPU
		{2E5A2395-0277-4593-8ECF-60723D786E44}.Debug|Any CPU.Build.0 = Debug|Any CPU
		{2E5A2395-0277-4593-8ECF-60723D786E44}.Debug|iPhone.ActiveCfg = Debug|Any CPU
		{2E5A2395-0277-4593-8ECF-60723D786E44}.Debug|iPhone.Build.0 = Debug|Any CPU
		{2E5A2395-0277-4593-8ECF-60723D786E44}.Debug|iPhoneSimulator.ActiveCfg = Debug|Any CPU
		{2E5A2395-0277-4593-8ECF-60723D786E44}.Debug|iPhoneSimulator.Build.0 = Debug|Any CPU
		{2E5A2395-0277-4593-8ECF-60723D786E44}.Release|Any CPU.ActiveCfg = Release|Any CPU
		{2E5A2395-0277-4593-8ECF-60723D786E44}.Release|Any CPU.Build.0 = Release|Any CPU
		{2E5A2395-0277-4593-8ECF-60723D786E44}.Release|iPhone.ActiveCfg = Release|Any CPU
		{2E5A2395-0277-4593-8ECF-60723D786E44}.Release|iPhone.Build.0 = Release|Any CPU
		{2E5A2395-0277-4593-8ECF-60723D786E44}.Release|iPhoneSimulator.ActiveCfg = Release|Any CPU
		{2E5A2395-0277-4593-8ECF-60723D786E44}.Release|iPhoneSimulator.Build.0 = Release|Any CPU
		{9D437E0C-590E-4CF3-893F-9A28EB8D4036}.Ad-Hoc|Any CPU.ActiveCfg = Ad-Hoc|iPhone
		{9D437E0C-590E-4CF3-893F-9A28EB8D4036}.Ad-Hoc|iPhone.ActiveCfg = Ad-Hoc|iPhone
		{9D437E0C-590E-4CF3-893F-9A28EB8D4036}.Ad-Hoc|iPhone.Build.0 = Ad-Hoc|iPhone
		{9D437E0C-590E-4CF3-893F-9A28EB8D4036}.Ad-Hoc|iPhoneSimulator.ActiveCfg = Ad-Hoc|iPhoneSimulator
		{9D437E0C-590E-4CF3-893F-9A28EB8D4036}.Ad-Hoc|iPhoneSimulator.Build.0 = Ad-Hoc|iPhoneSimulator
		{9D437E0C-590E-4CF3-893F-9A28EB8D4036}.AppStore|Any CPU.ActiveCfg = AppStore|iPhone
		{9D437E0C-590E-4CF3-893F-9A28EB8D4036}.AppStore|iPhone.ActiveCfg = AppStore|iPhone
		{9D437E0C-590E-4CF3-893F-9A28EB8D4036}.AppStore|iPhone.Build.0 = AppStore|iPhone
		{9D437E0C-590E-4CF3-893F-9A28EB8D4036}.AppStore|iPhoneSimulator.ActiveCfg = AppStore|iPhoneSimulator
		{9D437E0C-590E-4CF3-893F-9A28EB8D4036}.AppStore|iPhoneSimulator.Build.0 = AppStore|iPhoneSimulator
		{9D437E0C-590E-4CF3-893F-9A28EB8D4036}.Debug|Any CPU.ActiveCfg = Debug|iPhone
		{9D437E0C-590E-4CF3-893F-9A28EB8D4036}.Debug|iPhone.ActiveCfg = Debug|iPhone
		{9D437E0C-590E-4CF3-893F-9A28EB8D4036}.Debug|iPhone.Build.0 = Debug|iPhone
		{9D437E0C-590E-4CF3-893F-9A28EB8D4036}.Debug|iPhoneSimulator.ActiveCfg = Debug|iPhoneSimulator
		{9D437E0C-590E-4CF3-893F-9A28EB8D4036}.Debug|iPhoneSimulator.Build.0 = Debug|iPhoneSimulator
		{9D437E0C-590E-4CF3-893F-9A28EB8D4036}.Release|Any CPU.ActiveCfg = Release|iPhone
		{9D437E0C-590E-4CF3-893F-9A28EB8D4036}.Release|iPhone.ActiveCfg = Release|iPhone
		{9D437E0C-590E-4CF3-893F-9A28EB8D4036}.Release|iPhone.Build.0 = Release|iPhone
		{9D437E0C-590E-4CF3-893F-9A28EB8D4036}.Release|iPhoneSimulator.ActiveCfg = Release|iPhoneSimulator
		{9D437E0C-590E-4CF3-893F-9A28EB8D4036}.Release|iPhoneSimulator.Build.0 = Release|iPhoneSimulator
		{0B6248D3-D1A6-42B4-9FC3-ACD12E203E5D}.Ad-Hoc|Any CPU.ActiveCfg = Release|Any CPU
		{0B6248D3-D1A6-42B4-9FC3-ACD12E203E5D}.Ad-Hoc|Any CPU.Build.0 = Release|Any CPU
		{0B6248D3-D1A6-42B4-9FC3-ACD12E203E5D}.Ad-Hoc|Any CPU.Deploy.0 = Release|Any CPU
		{0B6248D3-D1A6-42B4-9FC3-ACD12E203E5D}.Ad-Hoc|iPhone.ActiveCfg = Release|Any CPU
		{0B6248D3-D1A6-42B4-9FC3-ACD12E203E5D}.Ad-Hoc|iPhone.Build.0 = Release|Any CPU
		{0B6248D3-D1A6-42B4-9FC3-ACD12E203E5D}.Ad-Hoc|iPhone.Deploy.0 = Release|Any CPU
		{0B6248D3-D1A6-42B4-9FC3-ACD12E203E5D}.Ad-Hoc|iPhoneSimulator.ActiveCfg = Release|Any CPU
		{0B6248D3-D1A6-42B4-9FC3-ACD12E203E5D}.Ad-Hoc|iPhoneSimulator.Build.0 = Release|Any CPU
		{0B6248D3-D1A6-42B4-9FC3-ACD12E203E5D}.Ad-Hoc|iPhoneSimulator.Deploy.0 = Release|Any CPU
		{0B6248D3-D1A6-42B4-9FC3-ACD12E203E5D}.AppStore|Any CPU.ActiveCfg = Release|Any CPU
		{0B6248D3-D1A6-42B4-9FC3-ACD12E203E5D}.AppStore|Any CPU.Build.0 = Release|Any CPU
		{0B6248D3-D1A6-42B4-9FC3-ACD12E203E5D}.AppStore|Any CPU.Deploy.0 = Release|Any CPU
		{0B6248D3-D1A6-42B4-9FC3-ACD12E203E5D}.AppStore|iPhone.ActiveCfg = Release|Any CPU
		{0B6248D3-D1A6-42B4-9FC3-ACD12E203E5D}.AppStore|iPhone.Build.0 = Release|Any CPU
		{0B6248D3-D1A6-42B4-9FC3-ACD12E203E5D}.AppStore|iPhone.Deploy.0 = Release|Any CPU
		{0B6248D3-D1A6-42B4-9FC3-ACD12E203E5D}.AppStore|iPhoneSimulator.ActiveCfg = Release|Any CPU
		{0B6248D3-D1A6-42B4-9FC3-ACD12E203E5D}.AppStore|iPhoneSimulator.Build.0 = Release|Any CPU
		{0B6248D3-D1A6-42B4-9FC3-ACD12E203E5D}.AppStore|iPhoneSimulator.Deploy.0 = Release|Any CPU
		{0B6248D3-D1A6-42B4-9FC3-ACD12E203E5D}.Debug|Any CPU.ActiveCfg = Debug|Any CPU
		{0B6248D3-D1A6-42B4-9FC3-ACD12E203E5D}.Debug|Any CPU.Build.0 = Debug|Any CPU
		{0B6248D3-D1A6-42B4-9FC3-ACD12E203E5D}.Debug|Any CPU.Deploy.0 = Debug|Any CPU
		{0B6248D3-D1A6-42B4-9FC3-ACD12E203E5D}.Debug|iPhone.ActiveCfg = Debug|Any CPU
		{0B6248D3-D1A6-42B4-9FC3-ACD12E203E5D}.Debug|iPhone.Build.0 = Debug|Any CPU
		{0B6248D3-D1A6-42B4-9FC3-ACD12E203E5D}.Debug|iPhone.Deploy.0 = Debug|Any CPU
		{0B6248D3-D1A6-42B4-9FC3-ACD12E203E5D}.Debug|iPhoneSimulator.ActiveCfg = Debug|Any CPU
		{0B6248D3-D1A6-42B4-9FC3-ACD12E203E5D}.Debug|iPhoneSimulator.Build.0 = Debug|Any CPU
		{0B6248D3-D1A6-42B4-9FC3-ACD12E203E5D}.Debug|iPhoneSimulator.Deploy.0 = Debug|Any CPU
		{0B6248D3-D1A6-42B4-9FC3-ACD12E203E5D}.Release|Any CPU.ActiveCfg = Release|Any CPU
		{0B6248D3-D1A6-42B4-9FC3-ACD12E203E5D}.Release|Any CPU.Build.0 = Release|Any CPU
		{0B6248D3-D1A6-42B4-9FC3-ACD12E203E5D}.Release|Any CPU.Deploy.0 = Release|Any CPU
		{0B6248D3-D1A6-42B4-9FC3-ACD12E203E5D}.Release|iPhone.ActiveCfg = Release|Any CPU
		{0B6248D3-D1A6-42B4-9FC3-ACD12E203E5D}.Release|iPhone.Build.0 = Release|Any CPU
		{0B6248D3-D1A6-42B4-9FC3-ACD12E203E5D}.Release|iPhone.Deploy.0 = Release|Any CPU
		{0B6248D3-D1A6-42B4-9FC3-ACD12E203E5D}.Release|iPhoneSimulator.ActiveCfg = Release|Any CPU
		{0B6248D3-D1A6-42B4-9FC3-ACD12E203E5D}.Release|iPhoneSimulator.Build.0 = Release|Any CPU
		{0B6248D3-D1A6-42B4-9FC3-ACD12E203E5D}.Release|iPhoneSimulator.Deploy.0 = Release|Any CPU
		{3B944C22-B74B-4E1B-BB99-982B60796BD4}.Ad-Hoc|Any CPU.ActiveCfg = Release|Any CPU
		{3B944C22-B74B-4E1B-BB99-982B60796BD4}.Ad-Hoc|Any CPU.Build.0 = Release|Any CPU
		{3B944C22-B74B-4E1B-BB99-982B60796BD4}.Ad-Hoc|iPhone.ActiveCfg = Release|Any CPU
		{3B944C22-B74B-4E1B-BB99-982B60796BD4}.Ad-Hoc|iPhone.Build.0 = Release|Any CPU
		{3B944C22-B74B-4E1B-BB99-982B60796BD4}.Ad-Hoc|iPhoneSimulator.ActiveCfg = Release|Any CPU
		{3B944C22-B74B-4E1B-BB99-982B60796BD4}.Ad-Hoc|iPhoneSimulator.Build.0 = Release|Any CPU
		{3B944C22-B74B-4E1B-BB99-982B60796BD4}.AppStore|Any CPU.ActiveCfg = Release|Any CPU
		{3B944C22-B74B-4E1B-BB99-982B60796BD4}.AppStore|Any CPU.Build.0 = Release|Any CPU
		{3B944C22-B74B-4E1B-BB99-982B60796BD4}.AppStore|iPhone.ActiveCfg = Release|Any CPU
		{3B944C22-B74B-4E1B-BB99-982B60796BD4}.AppStore|iPhone.Build.0 = Release|Any CPU
		{3B944C22-B74B-4E1B-BB99-982B60796BD4}.AppStore|iPhoneSimulator.ActiveCfg = Release|Any CPU
		{3B944C22-B74B-4E1B-BB99-982B60796BD4}.AppStore|iPhoneSimulator.Build.0 = Release|Any CPU
		{3B944C22-B74B-4E1B-BB99-982B60796BD4}.Debug|Any CPU.ActiveCfg = Debug|Any CPU
		{3B944C22-B74B-4E1B-BB99-982B60796BD4}.Debug|Any CPU.Build.0 = Debug|Any CPU
		{3B944C22-B74B-4E1B-BB99-982B60796BD4}.Debug|iPhone.ActiveCfg = Debug|Any CPU
		{3B944C22-B74B-4E1B-BB99-982B60796BD4}.Debug|iPhone.Build.0 = Debug|Any CPU
		{3B944C22-B74B-4E1B-BB99-982B60796BD4}.Debug|iPhoneSimulator.ActiveCfg = Debug|Any CPU
		{3B944C22-B74B-4E1B-BB99-982B60796BD4}.Debug|iPhoneSimulator.Build.0 = Debug|Any CPU
		{3B944C22-B74B-4E1B-BB99-982B60796BD4}.Release|Any CPU.ActiveCfg = Release|Any CPU
		{3B944C22-B74B-4E1B-BB99-982B60796BD4}.Release|Any CPU.Build.0 = Release|Any CPU
		{3B944C22-B74B-4E1B-BB99-982B60796BD4}.Release|iPhone.ActiveCfg = Release|Any CPU
		{3B944C22-B74B-4E1B-BB99-982B60796BD4}.Release|iPhone.Build.0 = Release|Any CPU
		{3B944C22-B74B-4E1B-BB99-982B60796BD4}.Release|iPhoneSimulator.ActiveCfg = Release|Any CPU
		{3B944C22-B74B-4E1B-BB99-982B60796BD4}.Release|iPhoneSimulator.Build.0 = Release|Any CPU
		{BAA07943-3136-4117-BD72-1911BBA3EE9D}.Ad-Hoc|Any CPU.ActiveCfg = Ad-Hoc|iPhone
		{BAA07943-3136-4117-BD72-1911BBA3EE9D}.Ad-Hoc|iPhone.ActiveCfg = Ad-Hoc|iPhone
		{BAA07943-3136-4117-BD72-1911BBA3EE9D}.Ad-Hoc|iPhone.Build.0 = Ad-Hoc|iPhone
		{BAA07943-3136-4117-BD72-1911BBA3EE9D}.Ad-Hoc|iPhoneSimulator.ActiveCfg = Ad-Hoc|iPhoneSimulator
		{BAA07943-3136-4117-BD72-1911BBA3EE9D}.Ad-Hoc|iPhoneSimulator.Build.0 = Ad-Hoc|iPhoneSimulator
		{BAA07943-3136-4117-BD72-1911BBA3EE9D}.AppStore|Any CPU.ActiveCfg = AppStore|iPhone
		{BAA07943-3136-4117-BD72-1911BBA3EE9D}.AppStore|iPhone.ActiveCfg = AppStore|iPhone
		{BAA07943-3136-4117-BD72-1911BBA3EE9D}.AppStore|iPhone.Build.0 = AppStore|iPhone
		{BAA07943-3136-4117-BD72-1911BBA3EE9D}.AppStore|iPhoneSimulator.ActiveCfg = AppStore|iPhoneSimulator
		{BAA07943-3136-4117-BD72-1911BBA3EE9D}.AppStore|iPhoneSimulator.Build.0 = AppStore|iPhoneSimulator
		{BAA07943-3136-4117-BD72-1911BBA3EE9D}.Debug|Any CPU.ActiveCfg = Debug|iPhone
		{BAA07943-3136-4117-BD72-1911BBA3EE9D}.Debug|iPhone.ActiveCfg = Debug|iPhone
		{BAA07943-3136-4117-BD72-1911BBA3EE9D}.Debug|iPhone.Build.0 = Debug|iPhone
		{BAA07943-3136-4117-BD72-1911BBA3EE9D}.Debug|iPhoneSimulator.ActiveCfg = Debug|iPhoneSimulator
		{BAA07943-3136-4117-BD72-1911BBA3EE9D}.Debug|iPhoneSimulator.Build.0 = Debug|iPhoneSimulator
		{BAA07943-3136-4117-BD72-1911BBA3EE9D}.Release|Any CPU.ActiveCfg = Release|iPhone
		{BAA07943-3136-4117-BD72-1911BBA3EE9D}.Release|iPhone.ActiveCfg = Release|iPhone
		{BAA07943-3136-4117-BD72-1911BBA3EE9D}.Release|iPhone.Build.0 = Release|iPhone
		{BAA07943-3136-4117-BD72-1911BBA3EE9D}.Release|iPhoneSimulator.ActiveCfg = Release|iPhoneSimulator
		{BAA07943-3136-4117-BD72-1911BBA3EE9D}.Release|iPhoneSimulator.Build.0 = Release|iPhoneSimulator
	EndGlobalSection
	GlobalSection(SolutionProperties) = preSolution
		HideSolutionNode = FALSE
	EndGlobalSection
	GlobalSection(NestedProjects) = preSolution
		{36EFF708-BD5F-477D-A26D-6EBCB26603DE} = {EABA5B77-1B57-4AA1-91B9-C5CBDC6B0AA3}
		{2E5A2395-0277-4593-8ECF-60723D786E44} = {EABA5B77-1B57-4AA1-91B9-C5CBDC6B0AA3}
		{9D437E0C-590E-4CF3-893F-9A28EB8D4036} = {EABA5B77-1B57-4AA1-91B9-C5CBDC6B0AA3}
		{0B6248D3-D1A6-42B4-9FC3-ACD12E203E5D} = {09F90FA0-3A28-4F98-B436-6F4130FDE202}
		{3B944C22-B74B-4E1B-BB99-982B60796BD4} = {09F90FA0-3A28-4F98-B436-6F4130FDE202}
		{BAA07943-3136-4117-BD72-1911BBA3EE9D} = {09F90FA0-3A28-4F98-B436-6F4130FDE202}
	EndGlobalSection
	GlobalSection(ExtensibilityGlobals) = postSolution
		SolutionGuid = {325FA7F4-0CE7-486C-BBC0-096F05EB668E}
	EndGlobalSection
EndGlobal
